// !$*UTF8*$!
{
	archiveVersion = 1;
	classes = {
	};
	objectVersion = 48;
	objects = {

/* Begin PBXBuildFile section */
		71848D99BBE4BB6C21EB51A5 /* Pods_Codility.framework in Frameworks */ = {isa = PBXBuildFile; fileRef = 36F0AA96198F73EF69992624 /* Pods_Codility.framework */; };
		CA4004CE1F69B582002CBE01 /* AppDelegate.swift in Sources */ = {isa = PBXBuildFile; fileRef = CA4004CD1F69B582002CBE01 /* AppDelegate.swift */; };
		CA4004D01F69B582002CBE01 /* ViewController.swift in Sources */ = {isa = PBXBuildFile; fileRef = CA4004CF1F69B582002CBE01 /* ViewController.swift */; };
		CA4004D31F69B582002CBE01 /* Main.storyboard in Resources */ = {isa = PBXBuildFile; fileRef = CA4004D11F69B582002CBE01 /* Main.storyboard */; };
		CA4004D51F69B582002CBE01 /* Assets.xcassets in Resources */ = {isa = PBXBuildFile; fileRef = CA4004D41F69B582002CBE01 /* Assets.xcassets */; };
		CA4004D81F69B582002CBE01 /* LaunchScreen.storyboard in Resources */ = {isa = PBXBuildFile; fileRef = CA4004D61F69B582002CBE01 /* LaunchScreen.storyboard */; };
		CAFCFA521F69BE0400AB3E63 /* Alex.storyboard in Resources */ = {isa = PBXBuildFile; fileRef = CAFCFA501F69BE0400AB3E63 /* Alex.storyboard */; };
/* End PBXBuildFile section */

/* Begin PBXFileReference section */
		1CBE3650F4BB5F9A8B3C70FE /* Pods-Codility.debug.xcconfig */ = {isa = PBXFileReference; includeInIndex = 1; lastKnownFileType = text.xcconfig; name = "Pods-Codility.debug.xcconfig"; path = "Pods/Target Support Files/Pods-Codility/Pods-Codility.debug.xcconfig"; sourceTree = "<group>"; };
		36F0AA96198F73EF69992624 /* Pods_Codility.framework */ = {isa = PBXFileReference; explicitFileType = wrapper.framework; includeInIndex = 0; path = Pods_Codility.framework; sourceTree = BUILT_PRODUCTS_DIR; };
		CA4004CA1F69B582002CBE01 /* Codility.app */ = {isa = PBXFileReference; explicitFileType = wrapper.application; includeInIndex = 0; path = Codility.app; sourceTree = BUILT_PRODUCTS_DIR; };
		CA4004CD1F69B582002CBE01 /* AppDelegate.swift */ = {isa = PBXFileReference; lastKnownFileType = sourcecode.swift; path = AppDelegate.swift; sourceTree = "<group>"; };
		CA4004CF1F69B582002CBE01 /* ViewController.swift */ = {isa = PBXFileReference; lastKnownFileType = sourcecode.swift; path = ViewController.swift; sourceTree = "<group>"; };
		CA4004D21F69B582002CBE01 /* Base */ = {isa = PBXFileReference; lastKnownFileType = file.storyboard; name = Base; path = Base.lproj/Main.storyboard; sourceTree = "<group>"; };
		CA4004D41F69B582002CBE01 /* Assets.xcassets */ = {isa = PBXFileReference; lastKnownFileType = folder.assetcatalog; path = Assets.xcassets; sourceTree = "<group>"; };
		CA4004D71F69B582002CBE01 /* Base */ = {isa = PBXFileReference; lastKnownFileType = file.storyboard; name = Base; path = Base.lproj/LaunchScreen.storyboard; sourceTree = "<group>"; };
		CA4004D91F69B582002CBE01 /* Info.plist */ = {isa = PBXFileReference; lastKnownFileType = text.plist.xml; path = Info.plist; sourceTree = "<group>"; };
		CAFCFA511F69BE0400AB3E63 /* Base */ = {isa = PBXFileReference; lastKnownFileType = file.storyboard; name = Base; path = Codility/Base.lproj/Alex.storyboard; sourceTree = "<group>"; };
		FE70F5CA473660E8D02CC8C0 /* Pods-Codility.release.xcconfig */ = {isa = PBXFileReference; includeInIndex = 1; lastKnownFileType = text.xcconfig; name = "Pods-Codility.release.xcconfig"; path = "Pods/Target Support Files/Pods-Codility/Pods-Codility.release.xcconfig"; sourceTree = "<group>"; };
/* End PBXFileReference section */

/* Begin PBXFrameworksBuildPhase section */
		CA4004C71F69B582002CBE01 /* Frameworks */ = {
			isa = PBXFrameworksBuildPhase;
			buildActionMask = 2147483647;
			files = (
				71848D99BBE4BB6C21EB51A5 /* Pods_Codility.framework in Frameworks */,
			);
			runOnlyForDeploymentPostprocessing = 0;
		};
/* End PBXFrameworksBuildPhase section */

/* Begin PBXGroup section */
		98F56C458F76323BDD023CB0 /* Pods */ = {
			isa = PBXGroup;
			children = (
				1CBE3650F4BB5F9A8B3C70FE /* Pods-Codility.debug.xcconfig */,
				FE70F5CA473660E8D02CC8C0 /* Pods-Codility.release.xcconfig */,
			);
			name = Pods;
			sourceTree = "<group>";
		};
		CA4004C11F69B582002CBE01 = {
			isa = PBXGroup;
			children = (
				CA4004CC1F69B582002CBE01 /* Codility */,
				CA4004CB1F69B582002CBE01 /* Products */,
				98F56C458F76323BDD023CB0 /* Pods */,
				E27A985A068A207B72A29909 /* Frameworks */,
			);
			sourceTree = "<group>";
		};
		CA4004CB1F69B582002CBE01 /* Products */ = {
			isa = PBXGroup;
			children = (
				CA4004CA1F69B582002CBE01 /* Codility.app */,
			);
			name = Products;
			sourceTree = "<group>";
		};
		CA4004CC1F69B582002CBE01 /* Codility */ = {
			isa = PBXGroup;
			children = (
				CA4004CD1F69B582002CBE01 /* AppDelegate.swift */,
				CA4004CF1F69B582002CBE01 /* ViewController.swift */,
				CA4004D11F69B582002CBE01 /* Main.storyboard */,
				CAFCFA501F69BE0400AB3E63 /* Alex.storyboard */,
				CA4004D41F69B582002CBE01 /* Assets.xcassets */,
				CA4004D61F69B582002CBE01 /* LaunchScreen.storyboard */,
				CA4004D91F69B582002CBE01 /* Info.plist */,
			);
			path = Codility;
			sourceTree = "<group>";
		};
		E27A985A068A207B72A29909 /* Frameworks */ = {
			isa = PBXGroup;
			children = (
				36F0AA96198F73EF69992624 /* Pods_Codility.framework */,
			);
			name = Frameworks;
			sourceTree = "<group>";
		};
/* End PBXGroup section */

/* Begin PBXNativeTarget section */
		CA4004C91F69B582002CBE01 /* Codility */ = {
			isa = PBXNativeTarget;
			buildConfigurationList = CA4004DC1F69B582002CBE01 /* Build configuration list for PBXNativeTarget "Codility" */;
			buildPhases = (
				D830F55896A144CEC3A39107 /* [CP] Check Pods Manifest.lock */,
				CA4004C61F69B582002CBE01 /* Sources */,
				CA4004C71F69B582002CBE01 /* Frameworks */,
				CA4004C81F69B582002CBE01 /* Resources */,
				18C59F20026FA1025F197DAD /* [CP] Embed Pods Frameworks */,
				DB3A8556718BED598075041F /* [CP] Copy Pods Resources */,
			);
			buildRules = (
			);
			dependencies = (
			);
			name = Codility;
			productName = Codility;
			productReference = CA4004CA1F69B582002CBE01 /* Codility.app */;
			productType = "com.apple.product-type.application";
		};
/* End PBXNativeTarget section */

/* Begin PBXProject section */
		CA4004C21F69B582002CBE01 /* Project object */ = {
			isa = PBXProject;
			attributes = {
				LastSwiftUpdateCheck = 0900;
				LastUpgradeCheck = 0900;
				ORGANIZATIONNAME = "Кирилл Володин";
				TargetAttributes = {
					CA4004C91F69B582002CBE01 = {
						CreatedOnToolsVersion = 9.0;
						ProvisioningStyle = Automatic;
					};
				};
			};
			buildConfigurationList = CA4004C51F69B582002CBE01 /* Build configuration list for PBXProject "Codility" */;
			compatibilityVersion = "Xcode 8.0";
			developmentRegion = en;
			hasScannedForEncodings = 0;
			knownRegions = (
				en,
				Base,
			);
			mainGroup = CA4004C11F69B582002CBE01;
			productRefGroup = CA4004CB1F69B582002CBE01 /* Products */;
			projectDirPath = "";
			projectRoot = "";
			targets = (
				CA4004C91F69B582002CBE01 /* Codility */,
			);
		};
/* End PBXProject section */

/* Begin PBXResourcesBuildPhase section */
		CA4004C81F69B582002CBE01 /* Resources */ = {
			isa = PBXResourcesBuildPhase;
			buildActionMask = 2147483647;
			files = (
				CAFCFA521F69BE0400AB3E63 /* Alex.storyboard in Resources */,
				CA4004D81F69B582002CBE01 /* LaunchScreen.storyboard in Resources */,
				CA4004D51F69B582002CBE01 /* Assets.xcassets in Resources */,
				CA4004D31F69B582002CBE01 /* Main.storyboard in Resources */,
			);
			runOnlyForDeploymentPostprocessing = 0;
		};
/* End PBXResourcesBuildPhase section */

/* Begin PBXShellScriptBuildPhase section */
		18C59F20026FA1025F197DAD /* [CP] Embed Pods Frameworks */ = {
			isa = PBXShellScriptBuildPhase;
			buildActionMask = 2147483647;
			files = (
			);
			inputPaths = (
			);
			name = "[CP] Embed Pods Frameworks";
			outputPaths = (
			);
			runOnlyForDeploymentPostprocessing = 0;
			shellPath = /bin/sh;
			shellScript = "\"${SRCROOT}/Pods/Target Support Files/Pods-Codility/Pods-Codility-frameworks.sh\"\n";
			showEnvVarsInLog = 0;
		};
		D830F55896A144CEC3A39107 /* [CP] Check Pods Manifest.lock */ = {
			isa = PBXShellScriptBuildPhase;
			buildActionMask = 2147483647;
			files = (
			);
			inputPaths = (
			);
			name = "[CP] Check Pods Manifest.lock";
			outputPaths = (
			);
			runOnlyForDeploymentPostprocessing = 0;
			shellPath = /bin/sh;
			shellScript = "diff \"${PODS_PODFILE_DIR_PATH}/Podfile.lock\" \"${PODS_ROOT}/Manifest.lock\" > /dev/null\nif [ $? != 0 ] ; then\n    # print error to STDERR\n    echo \"error: The sandbox is not in sync with the Podfile.lock. Run 'pod install' or update your CocoaPods installation.\" >&2\n    exit 1\nfi\n";
			showEnvVarsInLog = 0;
		};
		DB3A8556718BED598075041F /* [CP] Copy Pods Resources */ = {
			isa = PBXShellScriptBuildPhase;
			buildActionMask = 2147483647;
			files = (
			);
			inputPaths = (
			);
			name = "[CP] Copy Pods Resources";
			outputPaths = (
			);
			runOnlyForDeploymentPostprocessing = 0;
			shellPath = /bin/sh;
			shellScript = "\"${SRCROOT}/Pods/Target Support Files/Pods-Codility/Pods-Codility-resources.sh\"\n";
			showEnvVarsInLog = 0;
		};
/* End PBXShellScriptBuildPhase section */

/* Begin PBXSourcesBuildPhase section */
		CA4004C61F69B582002CBE01 /* Sources */ = {
			isa = PBXSourcesBuildPhase;
			buildActionMask = 2147483647;
			files = (
				CA4004D01F69B582002CBE01 /* ViewController.swift in Sources */,
				CA4004CE1F69B582002CBE01 /* AppDelegate.swift in Sources */,
			);
			runOnlyForDeploymentPostprocessing = 0;
		};
/* End PBXSourcesBuildPhase section */

/* Begin PBXVariantGroup section */
		CA4004D11F69B582002CBE01 /* Main.storyboard */ = {
			isa = PBXVariantGroup;
			children = (
				CA4004D21F69B582002CBE01 /* Base */,
			);
			name = Main.storyboard;
			sourceTree = "<group>";
		};
		CA4004D61F69B582002CBE01 /* LaunchScreen.storyboard */ = {
			isa = PBXVariantGroup;
			children = (
				CA4004D71F69B582002CBE01 /* Base */,
			);
			name = LaunchScreen.storyboard;
			sourceTree = "<group>";
		};
		CAFCFA501F69BE0400AB3E63 /* Alex.storyboard */ = {
			isa = PBXVariantGroup;
			children = (
				CAFCFA511F69BE0400AB3E63 /* Base */,
			);
			name = Alex.storyboard;
			sourceTree = "<group>";
		};
/* End PBXVariantGroup section */

/* Begin XCBuildConfiguration section */
		CA4004DA1F69B582002CBE01 /* Debug */ = {
			isa = XCBuildConfiguration;
			buildSettings = {
				ALWAYS_SEARCH_USER_PATHS = NO;
				CLANG_ANALYZER_NONNULL = YES;
				CLANG_ANALYZER_NUMBER_OBJECT_CONVERSION = YES_AGGRESSIVE;
				CLANG_CXX_LANGUAGE_STANDARD = "gnu++14";
				CLANG_CXX_LIBRARY = "libc++";
				CLANG_ENABLE_MODULES = YES;
				CLANG_ENABLE_OBJC_ARC = YES;
				CLANG_WARN_BLOCK_CAPTURE_AUTORELEASING = YES;
				CLANG_WARN_BOOL_CONVERSION = YES;
				CLANG_WARN_COMMA = YES;
				CLANG_WARN_CONSTANT_CONVERSION = YES;
				CLANG_WARN_DIRECT_OBJC_ISA_USAGE = YES_ERROR;
				CLANG_WARN_DOCUMENTATION_COMMENTS = YES;
				CLANG_WARN_EMPTY_BODY = YES;
				CLANG_WARN_ENUM_CONVERSION = YES;
				CLANG_WARN_INFINITE_RECURSION = YES;
				CLANG_WARN_INT_CONVERSION = YES;
				CLANG_WARN_NON_LITERAL_NULL_CONVERSION = YES;
				CLANG_WARN_OBJC_LITERAL_CONVERSION = YES;
				CLANG_WARN_OBJC_ROOT_CLASS = YES_ERROR;
				CLANG_WARN_RANGE_LOOP_ANALYSIS = YES;
				CLANG_WARN_STRICT_PROTOTYPES = YES;
				CLANG_WARN_SUSPICIOUS_MOVE = YES;
				CLANG_WARN_UNGUARDED_AVAILABILITY = YES_AGGRESSIVE;
				CLANG_WARN_UNREACHABLE_CODE = YES;
				CLANG_WARN__DUPLICATE_METHOD_MATCH = YES;
				CODE_SIGN_IDENTITY = "iPhone Developer";
				COPY_PHASE_STRIP = NO;
				DEBUG_INFORMATION_FORMAT = dwarf;
				ENABLE_STRICT_OBJC_MSGSEND = YES;
				ENABLE_TESTABILITY = YES;
				GCC_C_LANGUAGE_STANDARD = gnu11;
				GCC_DYNAMIC_NO_PIC = NO;
				GCC_NO_COMMON_BLOCKS = YES;
				GCC_OPTIMIZATION_LEVEL = 0;
				GCC_PREPROCESSOR_DEFINITIONS = (
					"DEBUG=1",
					"$(inherited)",
				);
				GCC_WARN_64_TO_32_BIT_CONVERSION = YES;
				GCC_WARN_ABOUT_RETURN_TYPE = YES_ERROR;
				GCC_WARN_UNDECLARED_SELECTOR = YES;
				GCC_WARN_UNINITIALIZED_AUTOS = YES_AGGRESSIVE;
				GCC_WARN_UNUSED_FUNCTION = YES;
				GCC_WARN_UNUSED_VARIABLE = YES;
				IPHONEOS_DEPLOYMENT_TARGET = 11.0;
				MTL_ENABLE_DEBUG_INFO = YES;
				ONLY_ACTIVE_ARCH = YES;
				SDKROOT = iphoneos;
				SWIFT_ACTIVE_COMPILATION_CONDITIONS = DEBUG;
				SWIFT_OPTIMIZATION_LEVEL = "-Onone";
			};
			name = Debug;
		};
		CA4004DB1F69B582002CBE01 /* Release */ = {
			isa = XCBuildConfiguration;
			buildSettings = {
				ALWAYS_SEARCH_USER_PATHS = NO;
				CLANG_ANALYZER_NONNULL = YES;
				CLANG_ANALYZER_NUMBER_OBJECT_CONVERSION = YES_AGGRESSIVE;
				CLANG_CXX_LANGUAGE_STANDARD = "gnu++14";
				CLANG_CXX_LIBRARY = "libc++";
				CLANG_ENABLE_MODULES = YES;
				CLANG_ENABLE_OBJC_ARC = YES;
				CLANG_WARN_BLOCK_CAPTURE_AUTORELEASING = YES;
				CLANG_WARN_BOOL_CONVERSION = YES;
				CLANG_WARN_COMMA = YES;
				CLANG_WARN_CONSTANT_CONVERSION = YES;
				CLANG_WARN_DIRECT_OBJC_ISA_USAGE = YES_ERROR;
				CLANG_WARN_DOCUMENTATION_COMMENTS = YES;
				CLANG_WARN_EMPTY_BODY = YES;
				CLANG_WARN_ENUM_CONVERSION = YES;
				CLANG_WARN_INFINITE_RECURSION = YES;
				CLANG_WARN_INT_CONVERSION = YES;
				CLANG_WARN_NON_LITERAL_NULL_CONVERSION = YES;
				CLANG_WARN_OBJC_LITERAL_CONVERSION = YES;
				CLANG_WARN_OBJC_ROOT_CLASS = YES_ERROR;
				CLANG_WARN_RANGE_LOOP_ANALYSIS = YES;
				CLANG_WARN_STRICT_PROTOTYPES = YES;
				CLANG_WARN_SUSPICIOUS_MOVE = YES;
				CLANG_WARN_UNGUARDED_AVAILABILITY = YES_AGGRESSIVE;
				CLANG_WARN_UNREACHABLE_CODE = YES;
				CLANG_WARN__DUPLICATE_METHOD_MATCH = YES;
				CODE_SIGN_IDENTITY = "iPhone Developer";
				COPY_PHASE_STRIP = NO;
				DEBUG_INFORMATION_FORMAT = "dwarf-with-dsym";
				ENABLE_NS_ASSERTIONS = NO;
				ENABLE_STRICT_OBJC_MSGSEND = YES;
				GCC_C_LANGUAGE_STANDARD = gnu11;
				GCC_NO_COMMON_BLOCKS = YES;
				GCC_WARN_64_TO_32_BIT_CONVERSION = YES;
				GCC_WARN_ABOUT_RETURN_TYPE = YES_ERROR;
				GCC_WARN_UNDECLARED_SELECTOR = YES;
				GCC_WARN_UNINITIALIZED_AUTOS = YES_AGGRESSIVE;
				GCC_WARN_UNUSED_FUNCTION = YES;
				GCC_WARN_UNUSED_VARIABLE = YES;
				IPHONEOS_DEPLOYMENT_TARGET = 11.0;
				MTL_ENABLE_DEBUG_INFO = NO;
				SDKROOT = iphoneos;
				SWIFT_OPTIMIZATION_LEVEL = "-Owholemodule";
				VALIDATE_PRODUCT = YES;
			};
			name = Release;
		};
		CA4004DD1F69B582002CBE01 /* Debug */ = {
			isa = XCBuildConfiguration;
			baseConfigurationReference = 1CBE3650F4BB5F9A8B3C70FE /* Pods-Codility.debug.xcconfig */;
			buildSettings = {
				ASSETCATALOG_COMPILER_APPICON_NAME = AppIcon;
				CODE_SIGN_STYLE = Automatic;
				DEVELOPMENT_TEAM = BZ5C8942NC;
				INFOPLIST_FILE = Codility/Info.plist;
				IPHONEOS_DEPLOYMENT_TARGET = 10.3;
				LD_RUNPATH_SEARCH_PATHS = "$(inherited) @executable_path/Frameworks";
				PRODUCT_BUNDLE_IDENTIFIER = "Volodin-Enterprise.Codility";
				PRODUCT_NAME = "$(TARGET_NAME)";
				SWIFT_VERSION = 4.0;
				TARGETED_DEVICE_FAMILY = 1;
			};
			name = Debug;
		};
		CA4004DE1F69B582002CBE01 /* Release */ = {
			isa = XCBuildConfiguration;
			baseConfigurationReference = FE70F5CA473660E8D02CC8C0 /* Pods-Codility.release.xcconfig */;
			buildSettings = {
				ASSETCATALOG_COMPILER_APPICON_NAME = AppIcon;
				CODE_SIGN_STYLE = Automatic;
				DEVELOPMENT_TEAM = BZ5C8942NC;
				INFOPLIST_FILE = Codility/Info.plist;
				IPHONEOS_DEPLOYMENT_TARGET = 10.3;
				LD_RUNPATH_SEARCH_PATHS = "$(inherited) @executable_path/Frameworks";
				PRODUCT_BUNDLE_IDENTIFIER = "Volodin-Enterprise.Codility";
				PRODUCT_NAME = "$(TARGET_NAME)";
				SWIFT_VERSION = 4.0;
				TARGETED_DEVICE_FAMILY = 1;
			};
			name = Release;
		};
/* End XCBuildConfiguration section */

/* Begin XCConfigurationList section */
		CA4004C51F69B582002CBE01 /* Build configuration list for PBXProject "Codility" */ = {
			isa = XCConfigurationList;
			buildConfigurations = (
				CA4004DA1F69B582002CBE01 /* Debug */,
				CA4004DB1F69B582002CBE01 /* Release */,
			);
			defaultConfigurationIsVisible = 0;
			defaultConfigurationName = Release;
		};
		CA4004DC1F69B582002CBE01 /* Build configuration list for PBXNativeTarget "Codility" */ = {
			isa = XCConfigurationList;
			buildConfigurations = (
				CA4004DD1F69B582002CBE01 /* Debug */,
				CA4004DE1F69B582002CBE01 /* Release */,
			);
			defaultConfigurationIsVisible = 0;
			defaultConfigurationName = Release;
		};
/* End XCConfigurationList section */
	};
	rootObject = CA4004C21F69B582002CBE01 /* Project object */;
}
